{
    "_readme": [
        "This file locks the dependencies of your project to a known state",
        "Read more about it at https://getcomposer.org/doc/01-basic-usage.md#installing-dependencies",
        "This file is @generated automatically"
    ],
    "content-hash": "d8bd2cbe4a9743132f45ca2c0f5dd971",
    "packages": [
        {
            "name": "fgrosse/phpasn1",
            "version": "v2.3.0",
            "source": {
                "type": "git",
                "url": "https://github.com/fgrosse/PHPASN1.git",
                "reference": "20299033c35f4300eb656e7e8e88cf52d1d6694e"
            },
            "dist": {
                "type": "zip",
                "url": "https://api.github.com/repos/fgrosse/PHPASN1/zipball/20299033c35f4300eb656e7e8e88cf52d1d6694e",
                "reference": "20299033c35f4300eb656e7e8e88cf52d1d6694e",
                "shasum": ""
            },
            "require": {
                "php": ">=7.0.0"
            },
            "require-dev": {
                "phpunit/phpunit": "~6.3",
                "satooshi/php-coveralls": "~2.0"
            },
            "suggest": {
                "ext-bcmath": "BCmath is the fallback extension for big integer calculations",
                "ext-curl": "For loading OID information from the web if they have not bee defined statically",
                "ext-gmp": "GMP is the preferred extension for big integer calculations",
                "phpseclib/bcmath_compat": "BCmath polyfill for servers where neither GMP nor BCmath is available"
            },
            "type": "library",
            "extra": {
                "branch-alias": {
                    "dev-master": "2.0.x-dev"
                }
            },
            "autoload": {
                "psr-4": {
                    "FG\\": "lib/"
                }
            },
            "notification-url": "https://packagist.org/downloads/",
            "license": [
                "MIT"
            ],
            "authors": [
                {
                    "name": "Friedrich Große",
                    "email": "friedrich.grosse@gmail.com",
                    "homepage": "https://github.com/FGrosse",
                    "role": "Author"
                },
                {
                    "name": "All contributors",
                    "homepage": "https://github.com/FGrosse/PHPASN1/contributors"
                }
            ],
            "description": "A PHP Framework that allows you to encode and decode arbitrary ASN.1 structures using the ITU-T X.690 Encoding Rules.",
            "homepage": "https://github.com/FGrosse/PHPASN1",
            "keywords": [
                "DER",
                "asn.1",
                "asn1",
                "ber",
                "binary",
                "decoding",
                "encoding",
                "x.509",
                "x.690",
                "x509",
                "x690"
            ],
            "support": {
                "issues": "https://github.com/fgrosse/PHPASN1/issues",
                "source": "https://github.com/fgrosse/PHPASN1/tree/v2.3.0"
            },
            "time": "2021-04-24T19:01:55+00:00"
        },
        {
            "name": "mdanter/ecc",
            "version": "v1.0.0",
            "source": {
                "type": "git",
                "url": "https://github.com/phpecc/phpecc.git",
                "reference": "34e2eec096bf3dcda814e8f66dd91ae87a2db7cd"
            },
            "dist": {
                "type": "zip",
                "url": "https://api.github.com/repos/phpecc/phpecc/zipball/34e2eec096bf3dcda814e8f66dd91ae87a2db7cd",
                "reference": "34e2eec096bf3dcda814e8f66dd91ae87a2db7cd",
                "shasum": ""
            },
            "require": {
                "ext-gmp": "*",
                "fgrosse/phpasn1": "^2.0",
                "php": "^7.0||^8.0"
            },
            "require-dev": {
                "phpunit/phpunit": "^6.0||^8.0||^9.0",
                "squizlabs/php_codesniffer": "^2.0",
                "symfony/yaml": "^2.6|^3.0"
            },
            "type": "library",
            "autoload": {
                "psr-4": {
                    "Mdanter\\Ecc\\": "src/"
                }
            },
            "notification-url": "https://packagist.org/downloads/",
            "license": [
                "MIT"
            ],
            "authors": [
                {
                    "name": "Matyas Danter",
                    "homepage": "http://matejdanter.com/",
                    "role": "Author"
                },
                {
                    "name": "Thibaud Fabre",
                    "email": "thibaud@aztech.io",
                    "homepage": "http://aztech.io",
                    "role": "Maintainer"
                },
                {
                    "name": "Thomas Kerin",
                    "email": "afk11@users.noreply.github.com",
                    "role": "Maintainer"
                }
            ],
            "description": "PHP Elliptic Curve Cryptography library",
            "homepage": "https://github.com/phpecc/phpecc",
            "keywords": [
                "Diffie",
                "ECDSA",
                "Hellman",
                "curve",
                "ecdh",
                "elliptic",
                "nistp192",
                "nistp224",
                "nistp256",
                "nistp384",
                "nistp521",
                "phpecc",
                "secp256k1",
                "secp256r1"
            ],
            "support": {
                "issues": "https://github.com/phpecc/phpecc/issues",
                "source": "https://github.com/phpecc/phpecc/tree/v1.0.0"
            },
            "time": "2021-01-16T19:42:14+00:00"
        },
        {
            "name": "paragonie/constant_time_encoding",
            "version": "v2.4.0",
            "source": {
                "type": "git",
                "url": "https://github.com/paragonie/constant_time_encoding.git",
                "reference": "f34c2b11eb9d2c9318e13540a1dbc2a3afbd939c"
            },
            "dist": {
                "type": "zip",
                "url": "https://api.github.com/repos/paragonie/constant_time_encoding/zipball/f34c2b11eb9d2c9318e13540a1dbc2a3afbd939c",
                "reference": "f34c2b11eb9d2c9318e13540a1dbc2a3afbd939c",
                "shasum": ""
            },
            "require": {
                "php": "^7|^8"
            },
            "require-dev": {
                "phpunit/phpunit": "^6|^7|^8|^9",
                "vimeo/psalm": "^1|^2|^3|^4"
            },
            "type": "library",
            "autoload": {
                "psr-4": {
                    "ParagonIE\\ConstantTime\\": "src/"
                }
            },
            "notification-url": "https://packagist.org/downloads/",
            "license": [
                "MIT"
            ],
            "authors": [
                {
                    "name": "Paragon Initiative Enterprises",
                    "email": "security@paragonie.com",
                    "homepage": "https://paragonie.com",
                    "role": "Maintainer"
                },
                {
                    "name": "Steve 'Sc00bz' Thomas",
                    "email": "steve@tobtu.com",
                    "homepage": "https://www.tobtu.com",
                    "role": "Original Developer"
                }
            ],
            "description": "Constant-time Implementations of RFC 4648 Encoding (Base-64, Base-32, Base-16)",
            "keywords": [
                "base16",
                "base32",
                "base32_decode",
                "base32_encode",
                "base64",
                "base64_decode",
                "base64_encode",
                "bin2hex",
                "encoding",
                "hex",
                "hex2bin",
                "rfc4648"
            ],
            "support": {
                "email": "info@paragonie.com",
                "issues": "https://github.com/paragonie/constant_time_encoding/issues",
                "source": "https://github.com/paragonie/constant_time_encoding"
            },
            "time": "2020-12-06T15:14:20+00:00"
        },
        {
            "name": "paragonie/random_compat",
            "version": "v9.99.100",
            "source": {
                "type": "git",
                "url": "https://github.com/paragonie/random_compat.git",
                "reference": "996434e5492cb4c3edcb9168db6fbb1359ef965a"
            },
            "dist": {
                "type": "zip",
                "url": "https://api.github.com/repos/paragonie/random_compat/zipball/996434e5492cb4c3edcb9168db6fbb1359ef965a",
                "reference": "996434e5492cb4c3edcb9168db6fbb1359ef965a",
                "shasum": ""
            },
            "require": {
                "php": ">= 7"
            },
            "require-dev": {
                "phpunit/phpunit": "4.*|5.*",
                "vimeo/psalm": "^1"
            },
            "suggest": {
                "ext-libsodium": "Provides a modern crypto API that can be used to generate random bytes."
            },
            "type": "library",
            "notification-url": "https://packagist.org/downloads/",
            "license": [
                "MIT"
            ],
            "authors": [
                {
                    "name": "Paragon Initiative Enterprises",
                    "email": "security@paragonie.com",
                    "homepage": "https://paragonie.com"
                }
            ],
            "description": "PHP 5.x polyfill for random_bytes() and random_int() from PHP 7",
            "keywords": [
                "csprng",
                "polyfill",
                "pseudorandom",
                "random"
            ],
            "support": {
                "email": "info@paragonie.com",
                "issues": "https://github.com/paragonie/random_compat/issues",
                "source": "https://github.com/paragonie/random_compat"
            },
            "time": "2020-10-15T08:29:30+00:00"
        },
        {
            "name": "phpseclib/phpseclib",
            "version": "3.0.10",
            "source": {
                "type": "git",
                "url": "https://github.com/phpseclib/phpseclib.git",
                "reference": "62fcc5a94ac83b1506f52d7558d828617fac9187"
            },
            "dist": {
                "type": "zip",
                "url": "https://api.github.com/repos/phpseclib/phpseclib/zipball/62fcc5a94ac83b1506f52d7558d828617fac9187",
                "reference": "62fcc5a94ac83b1506f52d7558d828617fac9187",
                "shasum": ""
            },
            "require": {
                "paragonie/constant_time_encoding": "^1|^2",
                "paragonie/random_compat": "^1.4|^2.0|^9.99.99",
                "php": ">=5.6.1"
            },
            "require-dev": {
                "phing/phing": "~2.7",
                "phpunit/phpunit": "^5.7|^6.0|^9.4",
                "squizlabs/php_codesniffer": "~2.0"
            },
            "suggest": {
                "ext-gmp": "Install the GMP (GNU Multiple Precision) extension in order to speed up arbitrary precision integer arithmetic operations.",
                "ext-libsodium": "SSH2/SFTP can make use of some algorithms provided by the libsodium-php extension.",
                "ext-mcrypt": "Install the Mcrypt extension in order to speed up a few other cryptographic operations.",
                "ext-openssl": "Install the OpenSSL extension in order to speed up a wide variety of cryptographic operations."
            },
            "type": "library",
            "autoload": {
                "files": [
                    "phpseclib/bootstrap.php"
                ],
                "psr-4": {
                    "phpseclib3\\": "phpseclib/"
                }
            },
            "notification-url": "https://packagist.org/downloads/",
            "license": [
                "MIT"
            ],
            "authors": [
                {
                    "name": "Jim Wigginton",
                    "email": "terrafrost@php.net",
                    "role": "Lead Developer"
                },
                {
                    "name": "Patrick Monnerat",
                    "email": "pm@datasphere.ch",
                    "role": "Developer"
                },
                {
                    "name": "Andreas Fischer",
                    "email": "bantu@phpbb.com",
                    "role": "Developer"
                },
                {
                    "name": "Hans-Jürgen Petrich",
                    "email": "petrich@tronic-media.com",
                    "role": "Developer"
                },
                {
                    "name": "Graham Campbell",
                    "email": "graham@alt-three.com",
                    "role": "Developer"
                }
            ],
            "description": "PHP Secure Communications Library - Pure-PHP implementations of RSA, AES, SSH2, SFTP, X.509 etc.",
            "homepage": "http://phpseclib.sourceforge.net",
            "keywords": [
                "BigInteger",
                "aes",
                "asn.1",
                "asn1",
                "blowfish",
                "crypto",
                "cryptography",
                "encryption",
                "rsa",
                "security",
                "sftp",
                "signature",
                "signing",
                "ssh",
                "twofish",
                "x.509",
                "x509"
            ],
            "support": {
                "issues": "https://github.com/phpseclib/phpseclib/issues",
                "source": "https://github.com/phpseclib/phpseclib/tree/3.0.10"
            },
            "funding": [
                {
                    "url": "https://github.com/terrafrost",
                    "type": "github"
                },
                {
                    "url": "https://www.patreon.com/phpseclib",
                    "type": "patreon"
                },
                {
                    "url": "https://tidelift.com/funding/github/packagist/phpseclib/phpseclib",
                    "type": "tidelift"
                }
            ],
            "time": "2021-08-16T04:24:45+00:00"
        },
        {
            "name": "sop/asn1",
            "version": "2.0.2",
            "source": {
                "type": "git",
                "url": "https://github.com/sop/asn1.git",
                "reference": "9b99e5fcd70ea1f4d03c7e2e123d1822e38c5b4e"
            },
            "dist": {
                "type": "zip",
                "url": "https://api.github.com/repos/sop/asn1/zipball/9b99e5fcd70ea1f4d03c7e2e123d1822e38c5b4e",
                "reference": "9b99e5fcd70ea1f4d03c7e2e123d1822e38c5b4e",
                "shasum": ""
            },
            "require": {
                "ext-gmp": "*",
                "ext-mbstring": "*",
                "php": ">=5.6.3"
            },
            "type": "library",
            "autoload": {
                "psr-4": {
                    "ASN1\\": "lib/ASN1/"
                }
            },
            "notification-url": "https://packagist.org/downloads/",
            "license": [
                "MIT"
            ],
            "authors": [
                {
                    "name": "Joni Eskelinen",
                    "email": "jonieske@gmail.com",
                    "role": "Developer"
                }
            ],
            "description": "A PHP library for X.690 ASN.1 DER encoding and decoding.",
            "homepage": "https://github.com/sop/asn1",
            "keywords": [
                "DER",
                "asn.1",
                "asn1",
                "x.690",
                "x690"
            ],
            "support": {
                "issues": "https://github.com/sop/asn1/issues",
                "source": "https://github.com/sop/asn1/tree/master"
            },
            "time": "2017-08-03T08:00:09+00:00"
        },
        {
            "name": "sop/crypto-encoding",
            "version": "0.3.0",
            "source": {
                "type": "git",
                "url": "https://github.com/sop/crypto-encoding.git",
                "reference": "07537353e1b0e76c382a58a9c6e041b7c7dc9052"
            },
            "dist": {
                "type": "zip",
                "url": "https://api.github.com/repos/sop/crypto-encoding/zipball/07537353e1b0e76c382a58a9c6e041b7c7dc9052",
                "reference": "07537353e1b0e76c382a58a9c6e041b7c7dc9052",
                "shasum": ""
            },
            "require": {
                "php": ">=7.2"
            },
            "require-dev": {
                "phpunit/phpunit": "^8.1"
            },
            "type": "library",
            "autoload": {
                "psr-4": {
                    "Sop\\CryptoEncoding\\": "lib/CryptoEncoding/"
                }
            },
            "notification-url": "https://packagist.org/downloads/",
            "license": [
                "MIT"
            ],
            "authors": [
                {
                    "name": "Joni Eskelinen",
                    "email": "jonieske@gmail.com",
                    "role": "Developer"
                }
            ],
            "description": "A PHP implementation of textual encodings of cryptographic structures.",
            "homepage": "https://github.com/sop/crypto-encoding",
            "keywords": [
                "Private Key",
                "certificate",
                "pem",
                "public key"
            ],
            "support": {
                "issues": "https://github.com/sop/crypto-encoding/issues",
                "source": "https://github.com/sop/crypto-encoding/tree/master"
            },
            "time": "2019-05-22T11:46:12+00:00"
        },
        {
            "name": "sop/crypto-util",
            "version": "1.10.0",
            "source": {
                "type": "git",
                "url": "https://github.com/sop/crypto-util.git",
                "reference": "ea7ead19175a81aaa7993046ffdaed1e200fb06f"
            },
            "dist": {
                "type": "zip",
                "url": "https://api.github.com/repos/sop/crypto-util/zipball/ea7ead19175a81aaa7993046ffdaed1e200fb06f",
                "reference": "ea7ead19175a81aaa7993046ffdaed1e200fb06f",
                "shasum": ""
            },
            "require": {
                "ext-openssl": "*",
                "php": ">=5.6.3",
                "sop/asn1": "^2.0.0"
            },
            "type": "library",
            "autoload": {
                "psr-4": {
                    "CryptoUtil\\": "lib/CryptoUtil/"
                }
            },
            "notification-url": "https://packagist.org/downloads/",
            "license": [
                "MIT"
            ],
            "authors": [
                {
                    "name": "Joni Eskelinen",
                    "email": "jonieske@gmail.com",
                    "role": "Developer"
                }
            ],
            "description": "A PHP library of various utilities for cryptographic applications.",
            "homepage": "https://github.com/sop/crypto-util",
            "keywords": [
                "Private Key",
                "asn.1",
                "asn1",
                "crypto",
                "cryptography",
                "ec",
                "pbes1",
                "pbes2",
                "pbkdf1",
                "pbkdf2",
                "pem",
                "public key",
                "public-key",
                "rsa",
                "util"
            ],
            "support": {
                "issues": "https://github.com/sop/crypto-util/issues",
                "source": "https://github.com/sop/crypto-util/tree/master"
            },
            "time": "2016-07-27T09:52:36+00:00"
        },
        {
            "name": "sop/x501",
            "version": "0.4.1",
            "source": {
                "type": "git",
                "url": "https://github.com/sop/x501.git",
                "reference": "5942af19066d4621ab2100acc8b977bce92c5a22"
            },
            "dist": {
                "type": "zip",
                "url": "https://api.github.com/repos/sop/x501/zipball/5942af19066d4621ab2100acc8b977bce92c5a22",
                "reference": "5942af19066d4621ab2100acc8b977bce92c5a22",
                "shasum": ""
            },
            "require": {
                "ext-intl": "*",
                "ext-mbstring": "*",
                "php": ">=5.6.3",
                "sop/asn1": "^2.0.0"
            },
            "type": "library",
            "autoload": {
                "psr-4": {
                    "X501\\": "lib/X501/"
                }
            },
            "notification-url": "https://packagist.org/downloads/",
            "license": [
                "MIT"
            ],
            "authors": [
                {
                    "name": "Joni Eskelinen",
                    "email": "jonieske@gmail.com",
                    "role": "Developer"
                }
            ],
            "description": "A PHP library for X.501 ASN.1 types, X.520 attributes and DN parsing.",
            "homepage": "https://github.com/sop/x501",
            "keywords": [
                "attribute",
                "dn",
                "ldap",
                "rdn",
                "x.501",
                "x.520",
                "x501",
                "x520"
            ],
            "support": {
                "issues": "https://github.com/sop/x501/issues",
                "source": "https://github.com/sop/x501/tree/master"
            },
            "time": "2017-08-03T10:22:50+00:00"
        },
        {
            "name": "sop/x509",
            "version": "0.4.2",
            "source": {
                "type": "git",
                "url": "https://github.com/sop/x509.git",
                "reference": "3d9bd4c0e2e658235295efdbf52719587b3d0d31"
            },
            "dist": {
                "type": "zip",
                "url": "https://api.github.com/repos/sop/x509/zipball/3d9bd4c0e2e658235295efdbf52719587b3d0d31",
                "reference": "3d9bd4c0e2e658235295efdbf52719587b3d0d31",
                "shasum": ""
            },
            "require": {
                "ext-gmp": "*",
                "php": ">=5.6.3",
                "sop/asn1": "^2.0.0",
                "sop/crypto-util": "^1.10.0",
                "sop/x501": "^0.4.0"
            },
            "type": "library",
            "autoload": {
                "psr-4": {
                    "X509\\": "lib/X509/"
                }
            },
            "notification-url": "https://packagist.org/downloads/",
            "license": [
                "MIT"
            ],
            "authors": [
                {
                    "name": "Joni Eskelinen",
                    "email": "jonieske@gmail.com",
                    "role": "Developer"
                }
            ],
            "description": "A PHP library for X.509 public key certificates, attribute certificates, certification requests and certification path validation.",
            "homepage": "https://github.com/sop/x509",
            "keywords": [
                "ac",
                "attribute certificate",
                "certificate",
                "certification request",
                "csr",
                "x.509",
                "x509"
            ],
            "support": {
                "issues": "https://github.com/sop/x509/issues",
                "source": "https://github.com/sop/x509/tree/master"
            },
            "time": "2016-10-27T12:45:48+00:00"
        },
        {
            "name": "vakata/asn1",
            "version": "2.2.4",
            "source": {
                "type": "git",
                "url": "https://github.com/vakata/asn1.git",
                "reference": "b00993f458ab296346fc146fffc6641fa52f3a33"
            },
            "dist": {
                "type": "zip",
                "url": "https://api.github.com/repos/vakata/asn1/zipball/b00993f458ab296346fc146fffc6641fa52f3a33",
                "reference": "b00993f458ab296346fc146fffc6641fa52f3a33",
                "shasum": ""
            },
            "require": {
                "php": ">=7.0.0"
            },
            "require-dev": {
                "phpunit/phpunit": "6.*",
                "victorjonsson/markdowndocs": "^1.3"
            },
            "type": "library",
            "autoload": {
                "psr-4": {
                    "vakata\\asn1\\": "src"
                }
            },
            "notification-url": "https://packagist.org/downloads/",
            "license": [
                "MIT"
            ],
            "authors": [
                {
                    "name": "vakata",
                    "email": "github@vakata.com",
                    "homepage": "http://www.vakata.com",
                    "role": "Developer"
                }
            ],
            "description": "An ASN1 encoder / decoder",
            "homepage": "https://github.com/vakata/asn1",
            "keywords": [
                "asn1",
                "vakata"
            ],
            "support": {
                "issues": "https://github.com/vakata/asn1/issues",
                "source": "https://github.com/vakata/asn1/tree/2.2.4"
            },
            "time": "2021-07-14T06:38:59+00:00"
        }
    ],
    "packages-dev": [],
    "aliases": [],
    "minimum-stability": "stable",
    "stability-flags": [],
    "prefer-stable": false,
    "prefer-lowest": false,
    "platform": {
        "php": ">=7.2"
    },
    "platform-dev": [],
    "plugin-api-version": "2.1.0"
}
